// !$*UTF8*$!
{
	archiveVersion = 1;
	classes = {
	};
	objectVersion = 46;
	objects = {

/* Begin PBXBuildFile section */
		A402C0591D47FE6A007EC8FE /* main.cpp in Sources */ = {isa = PBXBuildFile; fileRef = A402C0581D47FE6A007EC8FE /* main.cpp */; };
		A402C0611D47FEC0007EC8FE /* DataNode.cpp in Sources */ = {isa = PBXBuildFile; fileRef = A402C05F1D47FEC0007EC8FE /* DataNode.cpp */; };
		A402C0661D480C53007EC8FE /* NodeController.cpp in Sources */ = {isa = PBXBuildFile; fileRef = A402C0641D480C53007EC8FE /* NodeController.cpp */; };
		A402C06D1D491C6C007EC8FE /* SummerArray.cpp in Sources */ = {isa = PBXBuildFile; fileRef = A402C06B1D491C6C007EC8FE /* SummerArray.cpp */; };
/* End PBXBuildFile section */

/* Begin PBXCopyFilesBuildPhase section */
		A402C0531D47FE69007EC8FE /* CopyFiles */ = {
			isa = PBXCopyFilesBuildPhase;
			buildActionMask = 2147483647;
			dstPath = /usr/share/man/man1/;
			dstSubfolderSpec = 0;
			files = (
			);
			runOnlyForDeploymentPostprocessing = 1;
		};
/* End PBXCopyFilesBuildPhase section */

/* Begin PBXFileReference section */
		A402C0551D47FE69007EC8FE /* SummerNodeProject */ = {isa = PBXFileReference; explicitFileType = "compiled.mach-o.executable"; includeInIndex = 0; path = SummerNodeProject; sourceTree = BUILT_PRODUCTS_DIR; };
		A402C0581D47FE6A007EC8FE /* main.cpp */ = {isa = PBXFileReference; lastKnownFileType = sourcecode.cpp.cpp; path = main.cpp; sourceTree = "<group>"; };
		A402C05F1D47FEC0007EC8FE /* DataNode.cpp */ = {isa = PBXFileReference; fileEncoding = 4; lastKnownFileType = sourcecode.cpp.cpp; name = DataNode.cpp; path = SummerNodeProject/DataNode.cpp; sourceTree = "<group>"; };
		A402C0601D47FEC0007EC8FE /* DataNode.h */ = {isa = PBXFileReference; fileEncoding = 4; lastKnownFileType = sourcecode.c.h; name = DataNode.h; path = SummerNodeProject/DataNode.h; sourceTree = "<group>"; };
		A402C0641D480C53007EC8FE /* NodeController.cpp */ = {isa = PBXFileReference; fileEncoding = 4; lastKnownFileType = sourcecode.cpp.cpp; path = NodeController.cpp; sourceTree = "<group>"; };
		A402C0651D480C53007EC8FE /* NodeController.h */ = {isa = PBXFileReference; fileEncoding = 4; lastKnownFileType = sourcecode.c.h; path = NodeController.h; sourceTree = "<group>"; };
		A402C06B1D491C6C007EC8FE /* SummerArray.cpp */ = {isa = PBXFileReference; fileEncoding = 4; lastKnownFileType = sourcecode.cpp.cpp; name = SummerArray.cpp; path = SummerNodeProject/SummerArray.cpp; sourceTree = "<group>"; };
		A402C06C1D491C6C007EC8FE /* SummerArray.h */ = {isa = PBXFileReference; fileEncoding = 4; lastKnownFileType = sourcecode.c.h; name = SummerArray.h; path = SummerNodeProject/SummerArray.h; sourceTree = "<group>"; };
/* End PBXFileReference section */

/* Begin PBXFrameworksBuildPhase section */
		A402C0521D47FE69007EC8FE /* Frameworks */ = {
			isa = PBXFrameworksBuildPhase;
			buildActionMask = 2147483647;
			files = (
			);
			runOnlyForDeploymentPostprocessing = 0;
		};
/* End PBXFrameworksBuildPhase section */

/* Begin PBXGroup section */
		A402C04C1D47FE69007EC8FE = {
			isa = PBXGroup;
			children = (
				A402C0631D480BFB007EC8FE /* Controller */,
				A402C0571D47FE69007EC8FE /* SummerNodeProject */,
				A402C0621D47FFB7007EC8FE /* Model */,
				A402C0561D47FE69007EC8FE /* Products */,
			);
			sourceTree = "<group>";
		};
		A402C0561D47FE69007EC8FE /* Products */ = {
			isa = PBXGroup;
			children = (
				A402C0551D47FE69007EC8FE /* SummerNodeProject */,
			);
			name = Products;
			sourceTree = "<group>";
		};
		A402C0571D47FE69007EC8FE /* SummerNodeProject */ = {
			isa = PBXGroup;
			children = (
				A402C0581D47FE6A007EC8FE /* main.cpp */,
			);
			path = SummerNodeProject;
			sourceTree = "<group>";
		};
		A402C0621D47FFB7007EC8FE /* Model */ = {
			isa = PBXGroup;
			children = (
				A402C06B1D491C6C007EC8FE /* SummerArray.cpp */,
				A402C06C1D491C6C007EC8FE /* SummerArray.h */,
				A402C05F1D47FEC0007EC8FE /* DataNode.cpp */,
				A402C0601D47FEC0007EC8FE /* DataNode.h */,
			);
			name = Model;
			sourceTree = "<group>";
		};
		A402C0631D480BFB007EC8FE /* Controller */ = {
			isa = PBXGroup;
			children = (
				A402C0641D480C53007EC8FE /* NodeController.cpp */,
				A402C0651D480C53007EC8FE /* NodeController.h */,
			);
			name = Controller;
			path = SummerNodeProject;
			sourceTree = "<group>";
		};
/* End PBXGroup section */

/* Begin PBXNativeTarget section */
		A402C0541D47FE69007EC8FE /* SummerNodeProject */ = {
			isa = PBXNativeTarget;
			buildConfigurationList = A402C05C1D47FE6A007EC8FE /* Build configuration list for PBXNativeTarget "SummerNodeProject" */;
			buildPhases = (
				A402C0511D47FE69007EC8FE /* Sources */,
				A402C0521D47FE69007EC8FE /* Frameworks */,
				A402C0531D47FE69007EC8FE /* CopyFiles */,
			);
			buildRules = (
			);
			dependencies = (
			);
			name = SummerNodeProject;
			productName = SummerNodeProject;
			productReference = A402C0551D47FE69007EC8FE /* SummerNodeProject */;
			productType = "com.apple.product-type.tool";
		};
/* End PBXNativeTarget section */

/* Begin PBXProject section */
		A402C04D1D47FE69007EC8FE /* Project object */ = {
			isa = PBXProject;
			attributes = {
				LastUpgradeCheck = 0720;
				ORGANIZATIONNAME = CTEC;
				TargetAttributes = {
					A402C0541D47FE69007EC8FE = {
						CreatedOnToolsVersion = 7.2;
					};
				};
			};
			buildConfigurationList = A402C0501D47FE69007EC8FE /* Build configuration list for PBXProject "SummerNodeProject" */;
			compatibilityVersion = "Xcode 3.2";
			developmentRegion = English;
			hasScannedForEncodings = 0;
			knownRegions = (
				en,
			);
			mainGroup = A402C04C1D47FE69007EC8FE;
			productRefGroup = A402C0561D47FE69007EC8FE /* Products */;
			projectDirPath = "";
			projectRoot = "";
			targets = (
				A402C0541D47FE69007EC8FE /* SummerNodeProject */,
			);
		};
/* End PBXProject section */

/* Begin PBXSourcesBuildPhase section */
		A402C0511D47FE69007EC8FE /* Sources */ = {
			isa = PBXSourcesBuildPhase;
			buildActionMask = 2147483647;
			files = (
				A402C06D1D491C6C007EC8FE /* SummerArray.cpp in Sources */,
				A402C0661D480C53007EC8FE /* NodeController.cpp in Sources */,
				A402C0591D47FE6A007EC8FE /* main.cpp in Sources */,
				A402C0611D47FEC0007EC8FE /* DataNode.cpp in Sources */,
			);
			runOnlyForDeploymentPostprocessing = 0;
		};
/* End PBXSourcesBuildPhase section */

/* Begin XCBuildConfiguration section */
		A402C05A1D47FE6A007EC8FE /* Debug */ = {
			isa = XCBuildConfiguration;
			buildSettings = {
				ALWAYS_SEARCH_USER_PATHS = NO;
				CLANG_CXX_LANGUAGE_STANDARD = "gnu++0x";
				CLANG_CXX_LIBRARY = "libc++";
				CLANG_ENABLE_MODULES = YES;
				CLANG_ENABLE_OBJC_ARC = YES;
				CLANG_WARN_BOOL_CONVERSION = YES;
				CLANG_WARN_CONSTANT_CONVERSION = YES;
				CLANG_WARN_DIRECT_OBJC_ISA_USAGE = YES_ERROR;
				CLANG_WARN_EMPTY_BODY = YES;
				CLANG_WARN_ENUM_CONVERSION = YES;
				CLANG_WARN_INT_CONVERSION = YES;
				CLANG_WARN_OBJC_ROOT_CLASS = YES_ERROR;
				CLANG_WARN_UNREACHABLE_CODE = YES;
				CLANG_WARN__DUPLICATE_METHOD_MATCH = YES;
				CODE_SIGN_IDENTITY = "-";
				COPY_PHASE_STRIP = NO;
				DEBUG_INFORMATION_FORMAT = dwarf;
				ENABLE_STRICT_OBJC_MSGSEND = YES;
				ENABLE_TESTABILITY = YES;
				GCC_C_LANGUAGE_STANDARD = gnu99;
				GCC_DYNAMIC_NO_PIC = NO;
				GCC_NO_COMMON_BLOCKS = YES;
				GCC_OPTIMIZATION_LEVEL = 0;
				GCC_PREPROCESSOR_DEFINITIONS = (
					"DEBUG=1",
					"$(inherited)",
				);
				GCC_WARN_64_TO_32_BIT_CONVERSION = YES;
				GCC_WARN_ABOUT_RETURN_TYPE = YES_ERROR;
				GCC_WARN_UNDECLARED_SELECTOR = YES;
				GCC_WARN_UNINITIALIZED_AUTOS = YES_AGGRESSIVE;
				GCC_WARN_UNUSED_FUNCTION = YES;
				GCC_WARN_UNUSED_VARIABLE = YES;
				MACOSX_DEPLOYMENT_TARGET = 10.10;
				MTL_ENABLE_DEBUG_INFO = YES;
				ONLY_ACTIVE_ARCH = YES;
				SDKROOT = macosx;
			};
			name = Debug;
		};
		A402C05B1D47FE6A007EC8FE /* Release */ = {
			isa = XCBuildConfiguration;
			buildSettings = {
				ALWAYS_SEARCH_USER_PATHS = NO;
				CLANG_CXX_LANGUAGE_STANDARD = "gnu++0x";
				CLANG_CXX_LIBRARY = "libc++";
				CLANG_ENABLE_MODULES = YES;
				CLANG_ENABLE_OBJC_ARC = YES;
				CLANG_WARN_BOOL_CONVERSION = YES;
				CLANG_WARN_CONSTANT_CONVERSION = YES;
				CLANG_WARN_DIRECT_OBJC_ISA_USAGE = YES_ERROR;
				CLANG_WARN_EMPTY_BODY = YES;
				CLANG_WARN_ENUM_CONVERSION = YES;
				CLANG_WARN_INT_CONVERSION = YES;
				CLANG_WARN_OBJC_ROOT_CLASS = YES_ERROR;
				CLANG_WARN_UNREACHABLE_CODE = YES;
				CLANG_WARN__DUPLICATE_METHOD_MATCH = YES;
				CODE_SIGN_IDENTITY = "-";
				COPY_PHASE_STRIP = NO;
				DEBUG_INFORMATION_FORMAT = "dwarf-with-dsym";
				ENABLE_NS_ASSERTIONS = NO;
				ENABLE_STRICT_OBJC_MSGSEND = YES;
				GCC_C_LANGUAGE_STANDARD = gnu99;
				GCC_NO_COMMON_BLOCKS = YES;
				GCC_WARN_64_TO_32_BIT_CONVERSION = YES;
				GCC_WARN_ABOUT_RETURN_TYPE = YES_ERROR;
				GCC_WARN_UNDECLARED_SELECTOR = YES;
				GCC_WARN_UNINITIALIZED_AUTOS = YES_AGGRESSIVE;
				GCC_WARN_UNUSED_FUNCTION = YES;
				GCC_WARN_UNUSED_VARIABLE = YES;
				MACOSX_DEPLOYMENT_TARGET = 10.10;
				MTL_ENABLE_DEBUG_INFO = NO;
				SDKROOT = macosx;
			};
			name = Release;
		};
		A402C05D1D47FE6A007EC8FE /* Debug */ = {
			isa = XCBuildConfiguration;
			buildSettings = {
				PRODUCT_NAME = "$(TARGET_NAME)";
			};
			name = Debug;
		};
		A402C05E1D47FE6A007EC8FE /* Release */ = {
			isa = XCBuildConfiguration;
			buildSettings = {
				PRODUCT_NAME = "$(TARGET_NAME)";
			};
			name = Release;
		};
/* End XCBuildConfiguration section */

/* Begin XCConfigurationList section */
		A402C0501D47FE69007EC8FE /* Build configuration list for PBXProject "SummerNodeProject" */ = {
			isa = XCConfigurationList;
			buildConfigurations = (
				A402C05A1D47FE6A007EC8FE /* Debug */,
				A402C05B1D47FE6A007EC8FE /* Release */,
			);
			defaultConfigurationIsVisible = 0;
			defaultConfigurationName = Release;
		};
		A402C05C1D47FE6A007EC8FE /* Build configuration list for PBXNativeTarget "SummerNodeProject" */ = {
			isa = XCConfigurationList;
			buildConfigurations = (
				A402C05D1D47FE6A007EC8FE /* Debug */,
				A402C05E1D47FE6A007EC8FE /* Release */,
			);
			defaultConfigurationIsVisible = 0;
			defaultConfigurationName = Release;
		};
/* End XCConfigurationList section */
	};
	rootObject = A402C04D1D47FE69007EC8FE /* Project object */;
}
